{
  "name": "jwt-fastify",
  "version": "1.0.0",
  "lockfileVersion": 2,
  "requires": true,
  "packages": {
    "": {
      "name": "jwt-fastify",
      "version": "1.0.0",
      "license": "ISC",
      "dependencies": {
        "@fastify/auth": "^4.3.0",
        "@fastify/cors": "^8.3.0",
        "@fastify/jwt": "^7.0.0",
        "boom": "^7.3.0",
        "dotenv": "^16.3.1",
        "fastify-cors": "^6.1.0",
        "fastify-plugin": "^4.5.0",
        "pg-promise": "^11.5.0",
        "sequelize-fastify": "^2.0.0"
      }
    },
    "node_modules/@fastify/auth": {
      "version": "4.3.0",
      "resolved": "https://registry.npmjs.org/@fastify/auth/-/auth-4.3.0.tgz",
      "integrity": "sha512-LYAQteyywfbjvp1edSNID0WEfe9wSXovp2JGSraV7NnZIwz4QZjQuIdo+vtopin7ZQZLxb1Ms/Gv/FXXkuiuJA==",
      "dependencies": {
        "fastify-plugin": "^4.0.0",
        "reusify": "^1.0.4"
      }
    },
    "node_modules/@fastify/cors": {
      "version": "8.3.0",
      "resolved": "https://registry.npmjs.org/@fastify/cors/-/cors-8.3.0.tgz",
      "integrity": "sha512-oj9xkka2Tg0MrwuKhsSUumcAkfp2YCnKxmFEusi01pjk1YrdDsuSYTHXEelWNW+ilSy/ApZq0c2SvhKrLX0H1g==",
      "dependencies": {
        "fastify-plugin": "^4.0.0",
        "mnemonist": "0.39.5"
      }
    },
    "node_modules/@fastify/error": {
      "version": "3.2.1",
      "resolved": "https://registry.npmjs.org/@fastify/error/-/error-3.2.1.tgz",
      "integrity": "sha512-scZVbcpPNWw/yyFmzzO7cf1daTeJp53spN2n7dBTHZd+cV7791fcWJCPP1Tfhdbre+8vDiCyQyqqXfQnYMntYQ=="
    },
    "node_modules/@fastify/jwt": {
      "version": "7.0.0",
      "resolved": "https://registry.npmjs.org/@fastify/jwt/-/jwt-7.0.0.tgz",
      "integrity": "sha512-y8n7qhBb/U+qWRUJzjZ+SJckv9wmOrA1eC/lM34SnOopt7VlK3hdfox7T3iuurAWVb8HjS9GxmZx+zFZO+Vb5A==",
      "dependencies": {
        "@fastify/error": "^3.0.0",
        "@lukeed/ms": "^2.0.0",
        "fast-jwt": "^3.0.0",
        "fastify-plugin": "^4.0.0",
        "steed": "^1.1.3"
      }
    },
    "node_modules/@lukeed/ms": {
      "version": "2.0.1",
      "resolved": "https://registry.npmjs.org/@lukeed/ms/-/ms-2.0.1.tgz",
      "integrity": "sha512-Xs/4RZltsAL7pkvaNStUQt7netTkyxrS0K+RILcVr3TRMS/ToOg4I6uNfhB9SlGsnWBym4U+EaXq0f0cEMNkHA==",
      "engines": {
        "node": ">=8"
      }
    },
    "node_modules/@types/debug": {
      "version": "4.1.8",
      "resolved": "https://registry.npmjs.org/@types/debug/-/debug-4.1.8.tgz",
      "integrity": "sha512-/vPO1EPOs306Cvhwv7KfVfYvOJqA/S/AXjaHQiJboCZzcNDb+TIJFN9/2C9DZ//ijSKWioNyUxD792QmDJ+HKQ==",
      "dependencies": {
        "@types/ms": "*"
      }
    },
    "node_modules/@types/ms": {
      "version": "0.7.31",
      "resolved": "https://registry.npmjs.org/@types/ms/-/ms-0.7.31.tgz",
      "integrity": "sha512-iiUgKzV9AuaEkZqkOLDIvlQiL6ltuZd9tGcW3gwpnX8JbuiuhFlEGmmFXEXkN50Cvq7Os88IY2v0dkDqXYWVgA=="
    },
    "node_modules/@types/node": {
      "version": "20.3.1",
      "resolved": "https://registry.npmjs.org/@types/node/-/node-20.3.1.tgz",
      "integrity": "sha512-EhcH/wvidPy1WeML3TtYFGR83UzjxeWRen9V402T8aUGYsCHOmfoisV3ZSg03gAFIbLq8TnWOJ0f4cALtnSEUg=="
    },
    "node_modules/@types/validator": {
      "version": "13.7.17",
      "resolved": "https://registry.npmjs.org/@types/validator/-/validator-13.7.17.tgz",
      "integrity": "sha512-aqayTNmeWrZcvnG2MG9eGYI6b7S5fl+yKgPs6bAjOTwPS316R5SxBGKvtSExfyoJU7pIeHJfsHI0Ji41RVMkvQ=="
    },
    "node_modules/asn1.js": {
      "version": "5.4.1",
      "resolved": "https://registry.npmjs.org/asn1.js/-/asn1.js-5.4.1.tgz",
      "integrity": "sha512-+I//4cYPccV8LdmBLiX8CYvf9Sp3vQsrqu2QNXRcrbiWvcx/UdlFiqUJJzxRQxgsZmvhXhn4cSKeSmoFjVdupA==",
      "dependencies": {
        "bn.js": "^4.0.0",
        "inherits": "^2.0.1",
        "minimalistic-assert": "^1.0.0",
        "safer-buffer": "^2.1.0"
      }
    },
    "node_modules/assert-options": {
      "version": "0.8.1",
      "resolved": "https://registry.npmjs.org/assert-options/-/assert-options-0.8.1.tgz",
      "integrity": "sha512-5lNGRB5g5i2bGIzb+J1QQE1iKU/WEMVBReFIc5pPDWjcPj23otPL0eI6PB2v7QPi0qU6Mhym5D3y0ZiSIOf3GA==",
      "engines": {
        "node": ">=10.0.0"
      }
    },
    "node_modules/bn.js": {
      "version": "4.12.0",
      "resolved": "https://registry.npmjs.org/bn.js/-/bn.js-4.12.0.tgz",
      "integrity": "sha512-c98Bf3tPniI+scsdk237ku1Dc3ujXQTSgyiPUDEOe7tRkhrqridvh8klBv0HCEso1OLOYcHuCv/cS6DNxKH+ZA=="
    },
    "node_modules/boom": {
      "version": "7.3.0",
      "resolved": "https://registry.npmjs.org/boom/-/boom-7.3.0.tgz",
      "integrity": "sha512-Swpoyi2t5+GhOEGw8rEsKvTxFLIDiiKoUc2gsoV6Lyr43LHBIzch3k2MvYUs8RTROrIkVJ3Al0TkaOGjnb+B6A==",
      "deprecated": "This module has moved and is now available at @hapi/boom. Please update your dependencies as this version is no longer maintained an may contain bugs and security issues.",
      "dependencies": {
        "hoek": "6.x.x"
      }
    },
    "node_modules/buffer-writer": {
      "version": "2.0.0",
      "resolved": "https://registry.npmjs.org/buffer-writer/-/buffer-writer-2.0.0.tgz",
      "integrity": "sha512-a7ZpuTZU1TRtnwyCNW3I5dc0wWNC3VR9S++Ewyk2HHZdrO3CQJqSpd+95Us590V6AL7JqUAH2IwZ/398PmNFgw==",
      "engines": {
        "node": ">=4"
      }
    },
    "node_modules/debug": {
      "version": "4.3.4",
      "resolved": "https://registry.npmjs.org/debug/-/debug-4.3.4.tgz",
      "integrity": "sha512-PRWFHuSU3eDtQJPvnNY7Jcket1j0t5OuOsFzPPzsekD52Zl8qUfFIPEiswXqIvHWGVHOgX+7G/vCNNhehwxfkQ==",
      "dependencies": {
        "ms": "2.1.2"
      },
      "engines": {
        "node": ">=6.0"
      },
      "peerDependenciesMeta": {
        "supports-color": {
          "optional": true
        }
      }
    },
    "node_modules/dotenv": {
      "version": "16.3.1",
      "resolved": "https://registry.npmjs.org/dotenv/-/dotenv-16.3.1.tgz",
      "integrity": "sha512-IPzF4w4/Rd94bA9imS68tZBaYyBWSCE47V1RGuMrB94iyTOIEwRmVL2x/4An+6mETpLrKJ5hQkB8W4kFAadeIQ==",
      "engines": {
        "node": ">=12"
      },
      "funding": {
        "url": "https://github.com/motdotla/dotenv?sponsor=1"
      }
    },
    "node_modules/dottie": {
      "version": "2.0.6",
      "resolved": "https://registry.npmjs.org/dottie/-/dottie-2.0.6.tgz",
      "integrity": "sha512-iGCHkfUc5kFekGiqhe8B/mdaurD+lakO9txNnTvKtA6PISrw86LgqHvRzWYPyoE2Ph5aMIrCw9/uko6XHTKCwA=="
    },
    "node_modules/ecdsa-sig-formatter": {
      "version": "1.0.11",
      "resolved": "https://registry.npmjs.org/ecdsa-sig-formatter/-/ecdsa-sig-formatter-1.0.11.tgz",
      "integrity": "sha512-nagl3RYrbNv6kQkeJIpt6NJZy8twLB/2vtz6yN9Z4vRKHN4/QZJIEbqohALSgwKdnksuY3k5Addp5lg8sVoVcQ==",
      "dependencies": {
        "safe-buffer": "^5.0.1"
      }
    },
    "node_modules/fast-jwt": {
      "version": "3.1.1",
      "resolved": "https://registry.npmjs.org/fast-jwt/-/fast-jwt-3.1.1.tgz",
      "integrity": "sha512-c6gqmiMU9kUIMs0XcsnnpBMA4A+zi/XULA47r6hYoLR7s1teJ+LwviwZdttCeTZ+F5ZuHlRigNe98C4qN6h4pw==",
      "dependencies": {
        "asn1.js": "^5.4.1",
        "ecdsa-sig-formatter": "^1.0.11",
        "mnemonist": "^0.39.5"
      },
      "engines": {
        "node": ">=14 <22"
      }
    },
    "node_modules/fastfall": {
      "version": "1.5.1",
      "resolved": "https://registry.npmjs.org/fastfall/-/fastfall-1.5.1.tgz",
      "integrity": "sha512-KH6p+Z8AKPXnmA7+Iz2Lh8ARCMr+8WNPVludm1LGkZoD2MjY6LVnRMtTKhkdzI+jr0RzQWXKzKyBJm1zoHEL4Q==",
      "dependencies": {
        "reusify": "^1.0.0"
      },
      "engines": {
        "node": ">=0.10.0"
      }
    },
    "node_modules/fastify-cors": {
      "version": "6.1.0",
      "resolved": "https://registry.npmjs.org/fastify-cors/-/fastify-cors-6.1.0.tgz",
      "integrity": "sha512-QBKz32IoY/iuT74CunRY1XOSpjSTIOh9E3FxulXIBhd0D2vdgG0kDvy0eG6HA/88sRfWHeba43LkGEXPz0Rh8g==",
      "dependencies": {
        "fastify-cors-deprecated": "npm:fastify-cors@6.0.3",
        "process-warning": "^1.0.0"
      }
    },
    "node_modules/fastify-cors-deprecated": {
      "name": "fastify-cors",
      "version": "6.0.3",
      "resolved": "https://registry.npmjs.org/fastify-cors/-/fastify-cors-6.0.3.tgz",
      "integrity": "sha512-fMbXubKKyBHHCfSBtsCi3+7VyVRdhJQmGes5gM+eGKkRErCdm0NaYO0ozd31BQBL1ycoTIjbqOZhJo4RTF/Vlg==",
      "dependencies": {
        "fastify-plugin": "^3.0.0",
        "vary": "^1.1.2"
      }
    },
    "node_modules/fastify-cors-deprecated/node_modules/fastify-plugin": {
      "version": "3.0.1",
      "resolved": "https://registry.npmjs.org/fastify-plugin/-/fastify-plugin-3.0.1.tgz",
      "integrity": "sha512-qKcDXmuZadJqdTm6vlCqioEbyewF60b/0LOFCcYN1B6BIZGlYJumWWOYs70SFYLDAH4YqdE1cxH/RKMG7rFxgA=="
    },
    "node_modules/fastify-plugin": {
      "version": "4.5.0",
      "resolved": "https://registry.npmjs.org/fastify-plugin/-/fastify-plugin-4.5.0.tgz",
      "integrity": "sha512-79ak0JxddO0utAXAQ5ccKhvs6vX2MGyHHMMsmZkBANrq3hXc1CHzvNPHOcvTsVMEPl5I+NT+RO4YKMGehOfSIg=="
    },
    "node_modules/fastparallel": {
      "version": "2.4.1",
      "resolved": "https://registry.npmjs.org/fastparallel/-/fastparallel-2.4.1.tgz",
      "integrity": "sha512-qUmhxPgNHmvRjZKBFUNI0oZuuH9OlSIOXmJ98lhKPxMZZ7zS/Fi0wRHOihDSz0R1YiIOjxzOY4bq65YTcdBi2Q==",
      "dependencies": {
        "reusify": "^1.0.4",
        "xtend": "^4.0.2"
      }
    },
    "node_modules/fastq": {
      "version": "1.15.0",
      "resolved": "https://registry.npmjs.org/fastq/-/fastq-1.15.0.tgz",
      "integrity": "sha512-wBrocU2LCXXa+lWBt8RoIRD89Fi8OdABODa/kEnyeyjS5aZO5/GNvI5sEINADqP/h8M29UHTHUb53sUu5Ihqdw==",
      "dependencies": {
        "reusify": "^1.0.4"
      }
    },
    "node_modules/fastseries": {
      "version": "1.7.2",
      "resolved": "https://registry.npmjs.org/fastseries/-/fastseries-1.7.2.tgz",
      "integrity": "sha512-dTPFrPGS8SNSzAt7u/CbMKCJ3s01N04s4JFbORHcmyvVfVKmbhMD1VtRbh5enGHxkaQDqWyLefiKOGGmohGDDQ==",
      "dependencies": {
        "reusify": "^1.0.0",
        "xtend": "^4.0.0"
      }
    },
    "node_modules/hoek": {
      "version": "6.1.3",
      "resolved": "https://registry.npmjs.org/hoek/-/hoek-6.1.3.tgz",
      "integrity": "sha512-YXXAAhmF9zpQbC7LEcREFtXfGq5K1fmd+4PHkBq8NUqmzW3G+Dq10bI/i0KucLRwss3YYFQ0fSfoxBZYiGUqtQ==",
      "deprecated": "This module has moved and is now available at @hapi/hoek. Please update your dependencies as this version is no longer maintained an may contain bugs and security issues."
    },
    "node_modules/inflection": {
      "version": "1.13.4",
      "resolved": "https://registry.npmjs.org/inflection/-/inflection-1.13.4.tgz",
      "integrity": "sha512-6I/HUDeYFfuNCVS3td055BaXBwKYuzw7K3ExVMStBowKo9oOAMJIXIHvdyR3iboTCp1b+1i5DSkIZTcwIktuDw==",
      "engines": [
        "node >= 0.4.0"
      ]
    },
    "node_modules/inherits": {
      "version": "2.0.4",
      "resolved": "https://registry.npmjs.org/inherits/-/inherits-2.0.4.tgz",
      "integrity": "sha512-k/vGaX4/Yla3WzyMCvTQOXYeIHvqOKtnqBduzTHpzpQZzAskKMhZ2K+EnBiSM9zGSoIFeMpXKxa4dYeZIQqewQ=="
    },
    "node_modules/lodash": {
      "version": "4.17.21",
      "resolved": "https://registry.npmjs.org/lodash/-/lodash-4.17.21.tgz",
      "integrity": "sha512-v2kDEe57lecTulaDIuNTPy3Ry4gLGJ6Z1O3vE1krgXZNrsQ+LFTGHVxVjcXPs17LhbZVGedAJv8XZ1tvj5FvSg=="
    },
    "node_modules/lru-cache": {
      "version": "6.0.0",
      "resolved": "https://registry.npmjs.org/lru-cache/-/lru-cache-6.0.0.tgz",
      "integrity": "sha512-Jo6dJ04CmSjuznwJSS3pUeWmd/H0ffTlkXXgwZi+eq1UCmqQwCh+eLsYOYCwY991i2Fah4h1BEMCx4qThGbsiA==",
      "dependencies": {
        "yallist": "^4.0.0"
      },
      "engines": {
        "node": ">=10"
      }
    },
    "node_modules/minimalistic-assert": {
      "version": "1.0.1",
      "resolved": "https://registry.npmjs.org/minimalistic-assert/-/minimalistic-assert-1.0.1.tgz",
      "integrity": "sha512-UtJcAD4yEaGtjPezWuO9wC4nwUnVH/8/Im3yEHQP4b67cXlD/Qr9hdITCU1xDbSEXg2XKNaP8jsReV7vQd00/A=="
    },
    "node_modules/mnemonist": {
      "version": "0.39.5",
      "resolved": "https://registry.npmjs.org/mnemonist/-/mnemonist-0.39.5.tgz",
      "integrity": "sha512-FPUtkhtJ0efmEFGpU14x7jGbTB+s18LrzRL2KgoWz9YvcY3cPomz8tih01GbHwnGk/OmkOKfqd/RAQoc8Lm7DQ==",
      "dependencies": {
        "obliterator": "^2.0.1"
      }
    },
    "node_modules/moment": {
      "version": "2.29.4",
      "resolved": "https://registry.npmjs.org/moment/-/moment-2.29.4.tgz",
      "integrity": "sha512-5LC9SOxjSc2HF6vO2CyuTDNivEdoz2IvyJJGj6X8DJ0eFyfszE0QiEd+iXmBvUP3WHxSjFH/vIsA0EN00cgr8w==",
      "engines": {
        "node": "*"
      }
    },
    "node_modules/moment-timezone": {
      "version": "0.5.43",
      "resolved": "https://registry.npmjs.org/moment-timezone/-/moment-timezone-0.5.43.tgz",
      "integrity": "sha512-72j3aNyuIsDxdF1i7CEgV2FfxM1r6aaqJyLB2vwb33mXYyoyLly+F1zbWqhA3/bVIoJ4szlUoMbUnVdid32NUQ==",
      "dependencies": {
        "moment": "^2.29.4"
      },
      "engines": {
        "node": "*"
      }
    },
    "node_modules/ms": {
      "version": "2.1.2",
      "resolved": "https://registry.npmjs.org/ms/-/ms-2.1.2.tgz",
      "integrity": "sha512-sGkPx+VjMtmA6MX27oA4FBFELFCZZ4S4XqeGOXCv68tT+jb3vk/RyaKWP0PTKyWtmLSM0b+adUTEvbs1PEaH2w=="
    },
    "node_modules/obliterator": {
      "version": "2.0.4",
      "resolved": "https://registry.npmjs.org/obliterator/-/obliterator-2.0.4.tgz",
      "integrity": "sha512-lgHwxlxV1qIg1Eap7LgIeoBWIMFibOjbrYPIPJZcI1mmGAI2m3lNYpK12Y+GBdPQ0U1hRwSord7GIaawz962qQ=="
    },
    "node_modules/packet-reader": {
      "version": "1.0.0",
      "resolved": "https://registry.npmjs.org/packet-reader/-/packet-reader-1.0.0.tgz",
      "integrity": "sha512-HAKu/fG3HpHFO0AA8WE8q2g+gBJaZ9MG7fcKk+IJPLTGAD6Psw4443l+9DGRbOIh3/aXr7Phy0TjilYivJo5XQ=="
    },
    "node_modules/pg": {
      "version": "8.11.0",
      "resolved": "https://registry.npmjs.org/pg/-/pg-8.11.0.tgz",
      "integrity": "sha512-meLUVPn2TWgJyLmy7el3fQQVwft4gU5NGyvV0XbD41iU9Jbg8lCH4zexhIkihDzVHJStlt6r088G6/fWeNjhXA==",
      "dependencies": {
        "buffer-writer": "2.0.0",
        "packet-reader": "1.0.0",
        "pg-connection-string": "^2.6.0",
        "pg-pool": "^3.6.0",
        "pg-protocol": "^1.6.0",
        "pg-types": "^2.1.0",
        "pgpass": "1.x"
      },
      "engines": {
        "node": ">= 8.0.0"
      },
      "optionalDependencies": {
        "pg-cloudflare": "^1.1.0"
      },
      "peerDependencies": {
        "pg-native": ">=3.0.1"
      },
      "peerDependenciesMeta": {
        "pg-native": {
          "optional": true
        }
      }
    },
    "node_modules/pg-cloudflare": {
      "version": "1.1.0",
      "resolved": "https://registry.npmjs.org/pg-cloudflare/-/pg-cloudflare-1.1.0.tgz",
      "integrity": "sha512-tGM8/s6frwuAIyRcJ6nWcIvd3+3NmUKIs6OjviIm1HPPFEt5MzQDOTBQyhPWg/m0kCl95M6gA1JaIXtS8KovOA==",
      "optional": true
    },
    "node_modules/pg-connection-string": {
      "version": "2.6.0",
      "resolved": "https://registry.npmjs.org/pg-connection-string/-/pg-connection-string-2.6.0.tgz",
      "integrity": "sha512-x14ibktcwlHKoHxx9X3uTVW9zIGR41ZB6QNhHb21OPNdCCO3NaRnpJuwKIQSR4u+Yqjx4HCvy7Hh7VSy1U4dGg=="
    },
    "node_modules/pg-int8": {
      "version": "1.0.1",
      "resolved": "https://registry.npmjs.org/pg-int8/-/pg-int8-1.0.1.tgz",
      "integrity": "sha512-WCtabS6t3c8SkpDBUlb1kjOs7l66xsGdKpIPZsg4wR+B3+u9UAum2odSsF9tnvxg80h4ZxLWMy4pRjOsFIqQpw==",
      "engines": {
        "node": ">=4.0.0"
      }
    },
    "node_modules/pg-minify": {
      "version": "1.6.3",
      "resolved": "https://registry.npmjs.org/pg-minify/-/pg-minify-1.6.3.tgz",
      "integrity": "sha512-NoSsPqXxbkD8RIe+peQCqiea4QzXgosdTKY8p7PsbbGsh2F8TifDj/vJxfuR8qJwNYrijdSs7uf0tAe6WOyCsQ==",
      "engines": {
        "node": ">=12.0.0"
      }
    },
    "node_modules/pg-pool": {
      "version": "3.6.0",
      "resolved": "https://registry.npmjs.org/pg-pool/-/pg-pool-3.6.0.tgz",
      "integrity": "sha512-clFRf2ksqd+F497kWFyM21tMjeikn60oGDmqMT8UBrynEwVEX/5R5xd2sdvdo1cZCFlguORNpVuqxIj+aK4cfQ==",
      "peerDependencies": {
        "pg": ">=8.0"
      }
    },
    "node_modules/pg-promise": {
      "version": "11.5.0",
      "resolved": "https://registry.npmjs.org/pg-promise/-/pg-promise-11.5.0.tgz",
      "integrity": "sha512-ZfhntV6Yoc3S0hQWOlEodk5fEmF9ADxKl0vNvBnZgzvLt73uY29wVaNBz2AZK2J0gVmm/zhO51RXPtI4MgKkSQ==",
      "dependencies": {
        "assert-options": "0.8.1",
        "pg": "8.11.0",
        "pg-minify": "1.6.3",
        "spex": "3.3.0"
      },
      "engines": {
        "node": ">=14.0"
      }
    },
    "node_modules/pg-protocol": {
      "version": "1.6.0",
      "resolved": "https://registry.npmjs.org/pg-protocol/-/pg-protocol-1.6.0.tgz",
      "integrity": "sha512-M+PDm637OY5WM307051+bsDia5Xej6d9IR4GwJse1qA1DIhiKlksvrneZOYQq42OM+spubpcNYEo2FcKQrDk+Q=="
    },
    "node_modules/pg-types": {
      "version": "2.2.0",
      "resolved": "https://registry.npmjs.org/pg-types/-/pg-types-2.2.0.tgz",
      "integrity": "sha512-qTAAlrEsl8s4OiEQY69wDvcMIdQN6wdz5ojQiOy6YRMuynxenON0O5oCpJI6lshc6scgAY8qvJ2On/p+CXY0GA==",
      "dependencies": {
        "pg-int8": "1.0.1",
        "postgres-array": "~2.0.0",
        "postgres-bytea": "~1.0.0",
        "postgres-date": "~1.0.4",
        "postgres-interval": "^1.1.0"
      },
      "engines": {
        "node": ">=4"
      }
    },
    "node_modules/pgpass": {
      "version": "1.0.5",
      "resolved": "https://registry.npmjs.org/pgpass/-/pgpass-1.0.5.tgz",
      "integrity": "sha512-FdW9r/jQZhSeohs1Z3sI1yxFQNFvMcnmfuj4WBMUTxOrAyLMaTcE1aAMBiTlbMNaXvBCQuVi0R7hd8udDSP7ug==",
      "dependencies": {
        "split2": "^4.1.0"
      }
    },
    "node_modules/postgres-array": {
      "version": "2.0.0",
      "resolved": "https://registry.npmjs.org/postgres-array/-/postgres-array-2.0.0.tgz",
      "integrity": "sha512-VpZrUqU5A69eQyW2c5CA1jtLecCsN2U/bD6VilrFDWq5+5UIEVO7nazS3TEcHf1zuPYO/sqGvUvW62g86RXZuA==",
      "engines": {
        "node": ">=4"
      }
    },
    "node_modules/postgres-bytea": {
      "version": "1.0.0",
      "resolved": "https://registry.npmjs.org/postgres-bytea/-/postgres-bytea-1.0.0.tgz",
      "integrity": "sha512-xy3pmLuQqRBZBXDULy7KbaitYqLcmxigw14Q5sj8QBVLqEwXfeybIKVWiqAXTlcvdvb0+xkOtDbfQMOf4lST1w==",
      "engines": {
        "node": ">=0.10.0"
      }
    },
    "node_modules/postgres-date": {
      "version": "1.0.7",
      "resolved": "https://registry.npmjs.org/postgres-date/-/postgres-date-1.0.7.tgz",
      "integrity": "sha512-suDmjLVQg78nMK2UZ454hAG+OAW+HQPZ6n++TNDUX+L0+uUlLywnoxJKDou51Zm+zTCjrCl0Nq6J9C5hP9vK/Q==",
      "engines": {
        "node": ">=0.10.0"
      }
    },
    "node_modules/postgres-interval": {
      "version": "1.2.0",
      "resolved": "https://registry.npmjs.org/postgres-interval/-/postgres-interval-1.2.0.tgz",
      "integrity": "sha512-9ZhXKM/rw350N1ovuWHbGxnGh/SNJ4cnxHiM0rxE4VN41wsg8P8zWn9hv/buK00RP4WvlOyr/RBDiptyxVbkZQ==",
      "dependencies": {
        "xtend": "^4.0.0"
      },
      "engines": {
        "node": ">=0.10.0"
      }
    },
    "node_modules/process-warning": {
      "version": "1.0.0",
      "resolved": "https://registry.npmjs.org/process-warning/-/process-warning-1.0.0.tgz",
      "integrity": "sha512-du4wfLyj4yCZq1VupnVSZmRsPJsNuxoDQFdCFHLaYiEbFBD7QE0a+I4D7hOxrVnh78QE/YipFAj9lXHiXocV+Q=="
    },
    "node_modules/retry-as-promised": {
      "version": "7.0.4",
      "resolved": "https://registry.npmjs.org/retry-as-promised/-/retry-as-promised-7.0.4.tgz",
      "integrity": "sha512-XgmCoxKWkDofwH8WddD0w85ZfqYz+ZHlr5yo+3YUCfycWawU56T5ckWXsScsj5B8tqUcIG67DxXByo3VUgiAdA=="
    },
    "node_modules/reusify": {
      "version": "1.0.4",
      "resolved": "https://registry.npmjs.org/reusify/-/reusify-1.0.4.tgz",
      "integrity": "sha512-U9nH88a3fc/ekCF1l0/UP1IosiuIjyTh7hBvXVMHYgVcfGvt897Xguj2UOLDeI5BG2m7/uwyaLVT6fbtCwTyzw==",
      "engines": {
        "iojs": ">=1.0.0",
        "node": ">=0.10.0"
      }
    },
    "node_modules/safe-buffer": {
      "version": "5.2.1",
      "resolved": "https://registry.npmjs.org/safe-buffer/-/safe-buffer-5.2.1.tgz",
      "integrity": "sha512-rp3So07KcdmmKbGvgaNxQSJr7bGVSVk5S9Eq1F+ppbRo70+YeaDxkw5Dd8NPN+GD6bjnYm2VuPuCXmpuYvmCXQ==",
      "funding": [
        {
          "type": "github",
          "url": "https://github.com/sponsors/feross"
        },
        {
          "type": "patreon",
          "url": "https://www.patreon.com/feross"
        },
        {
          "type": "consulting",
          "url": "https://feross.org/support"
        }
      ]
    },
    "node_modules/safer-buffer": {
      "version": "2.1.2",
      "resolved": "https://registry.npmjs.org/safer-buffer/-/safer-buffer-2.1.2.tgz",
      "integrity": "sha512-YZo3K82SD7Riyi0E1EQPojLz7kpepnSQI9IyPbHHg1XXXevb5dJI7tpyN2ADxGcQbHG7vcyRHk0cbwqcQriUtg=="
    },
    "node_modules/semver": {
      "version": "7.5.3",
      "resolved": "https://registry.npmjs.org/semver/-/semver-7.5.3.tgz",
      "integrity": "sha512-QBlUtyVk/5EeHbi7X0fw6liDZc7BBmEaSYn01fMU1OUYbf6GPsbTtd8WmnqbI20SeycoHSeiybkE/q1Q+qlThQ==",
      "dependencies": {
        "lru-cache": "^6.0.0"
      },
      "bin": {
        "semver": "bin/semver.js"
      },
      "engines": {
        "node": ">=10"
      }
    },
    "node_modules/sequelize": {
      "version": "6.32.1",
      "resolved": "https://registry.npmjs.org/sequelize/-/sequelize-6.32.1.tgz",
      "integrity": "sha512-3Iv0jruv57Y0YvcxQW7BE56O7DC1BojcfIrqh6my+IQwde+9u/YnuYHzK+8kmZLhLvaziRT1eWu38nh9yVwn/g==",
      "funding": [
        {
          "type": "opencollective",
          "url": "https://opencollective.com/sequelize"
        }
      ],
      "dependencies": {
        "@types/debug": "^4.1.8",
        "@types/validator": "^13.7.17",
        "debug": "^4.3.4",
        "dottie": "^2.0.4",
        "inflection": "^1.13.4",
        "lodash": "^4.17.21",
        "moment": "^2.29.4",
        "moment-timezone": "^0.5.43",
        "pg-connection-string": "^2.6.0",
        "retry-as-promised": "^7.0.4",
        "semver": "^7.5.1",
        "sequelize-pool": "^7.1.0",
        "toposort-class": "^1.0.1",
        "uuid": "^8.3.2",
        "validator": "^13.9.0",
        "wkx": "^0.5.0"
      },
      "engines": {
        "node": ">=10.0.0"
      },
      "peerDependenciesMeta": {
        "ibm_db": {
          "optional": true
        },
        "mariadb": {
          "optional": true
        },
        "mysql2": {
          "optional": true
        },
        "oracledb": {
          "optional": true
        },
        "pg": {
          "optional": true
        },
        "pg-hstore": {
          "optional": true
        },
        "snowflake-sdk": {
          "optional": true
        },
        "sqlite3": {
          "optional": true
        },
        "tedious": {
          "optional": true
        }
      }
    },
    "node_modules/sequelize-fastify": {
      "version": "2.0.0",
      "resolved": "https://registry.npmjs.org/sequelize-fastify/-/sequelize-fastify-2.0.0.tgz",
      "integrity": "sha512-DeN8JJLs26kA9OIdCQnB3F6UsPL0sWtb6KlRf2VbeRhgS4rkk6u5qXI/WL11qTpgEsjcLxYefwGbzaeHEGPKJA==",
      "dependencies": {
        "fastify-plugin": "^3.0.1",
        "sequelize": "^6.20.1"
      },
      "engines": {
        "node": "^14.17.0 || >=16.0.0"
      }
    },
    "node_modules/sequelize-fastify/node_modules/fastify-plugin": {
      "version": "3.0.1",
      "resolved": "https://registry.npmjs.org/fastify-plugin/-/fastify-plugin-3.0.1.tgz",
      "integrity": "sha512-qKcDXmuZadJqdTm6vlCqioEbyewF60b/0LOFCcYN1B6BIZGlYJumWWOYs70SFYLDAH4YqdE1cxH/RKMG7rFxgA=="
    },
    "node_modules/sequelize-pool": {
      "version": "7.1.0",
      "resolved": "https://registry.npmjs.org/sequelize-pool/-/sequelize-pool-7.1.0.tgz",
      "integrity": "sha512-G9c0qlIWQSK29pR/5U2JF5dDQeqqHRragoyahj/Nx4KOOQ3CPPfzxnfqFPCSB7x5UgjOgnZ61nSxz+fjDpRlJg==",
      "engines": {
        "node": ">= 10.0.0"
      }
    },
    "node_modules/spex": {
      "version": "3.3.0",
      "resolved": "https://registry.npmjs.org/spex/-/spex-3.3.0.tgz",
      "integrity": "sha512-VNiXjFp6R4ldPbVRYbpxlD35yRHceecVXlct1J4/X80KuuPnW2AXMq3sGwhnJOhKkUsOxAT6nRGfGE5pocVw5w==",
      "engines": {
        "node": ">=10.0.0"
      }
    },
    "node_modules/split2": {
      "version": "4.2.0",
      "resolved": "https://registry.npmjs.org/split2/-/split2-4.2.0.tgz",
      "integrity": "sha512-UcjcJOWknrNkF6PLX83qcHM6KHgVKNkV62Y8a5uYDVv9ydGQVwAHMKqHdJje1VTWpljG0WYpCDhrCdAOYH4TWg==",
      "engines": {
        "node": ">= 10.x"
      }
    },
    "node_modules/steed": {
      "version": "1.1.3",
      "resolved": "https://registry.npmjs.org/steed/-/steed-1.1.3.tgz",
      "integrity": "sha512-EUkci0FAUiE4IvGTSKcDJIQ/eRUP2JJb56+fvZ4sdnguLTqIdKjSxUe138poW8mkvKWXW2sFPrgTsxqoISnmoA==",
      "dependencies": {
        "fastfall": "^1.5.0",
        "fastparallel": "^2.2.0",
        "fastq": "^1.3.0",
        "fastseries": "^1.7.0",
        "reusify": "^1.0.0"
      }
    },
    "node_modules/toposort-class": {
      "version": "1.0.1",
      "resolved": "https://registry.npmjs.org/toposort-class/-/toposort-class-1.0.1.tgz",
      "integrity": "sha512-OsLcGGbYF3rMjPUf8oKktyvCiUxSbqMMS39m33MAjLTC1DVIH6x3WSt63/M77ihI09+Sdfk1AXvfhCEeUmC7mg=="
    },
    "node_modules/uuid": {
      "version": "8.3.2",
      "resolved": "https://registry.npmjs.org/uuid/-/uuid-8.3.2.tgz",
      "integrity": "sha512-+NYs2QeMWy+GWFOEm9xnn6HCDp0l7QBD7ml8zLUmJ+93Q5NF0NocErnwkTkXVFNiX3/fpC6afS8Dhb/gz7R7eg==",
      "bin": {
        "uuid": "dist/bin/uuid"
      }
    },
    "node_modules/validator": {
      "version": "13.9.0",
      "resolved": "https://registry.npmjs.org/validator/-/validator-13.9.0.tgz",
      "integrity": "sha512-B+dGG8U3fdtM0/aNK4/X8CXq/EcxU2WPrPEkJGslb47qyHsxmbggTWK0yEA4qnYVNF+nxNlN88o14hIcPmSIEA==",
      "engines": {
        "node": ">= 0.10"
      }
    },
    "node_modules/vary": {
      "version": "1.1.2",
      "resolved": "https://registry.npmjs.org/vary/-/vary-1.1.2.tgz",
      "integrity": "sha512-BNGbWLfd0eUPabhkXUVm0j8uuvREyTh5ovRa/dyow/BqAbZJyC+5fU+IzQOzmAKzYqYRAISoRhdQr3eIZ/PXqg==",
      "engines": {
        "node": ">= 0.8"
      }
    },
    "node_modules/wkx": {
      "version": "0.5.0",
      "resolved": "https://registry.npmjs.org/wkx/-/wkx-0.5.0.tgz",
      "integrity": "sha512-Xng/d4Ichh8uN4l0FToV/258EjMGU9MGcA0HV2d9B/ZpZB3lqQm7nkOdZdm5GhKtLLhAE7PiVQwN4eN+2YJJUg==",
      "dependencies": {
        "@types/node": "*"
      }
    },
    "node_modules/xtend": {
      "version": "4.0.2",
      "resolved": "https://registry.npmjs.org/xtend/-/xtend-4.0.2.tgz",
      "integrity": "sha512-LKYU1iAXJXUgAXn9URjiu+MWhyUXHsvfp7mcuYm9dSUKK0/CjtrUwFAxD82/mCWbtLsGjFIad0wIsod4zrTAEQ==",
      "engines": {
        "node": ">=0.4"
      }
    },
    "node_modules/yallist": {
      "version": "4.0.0",
      "resolved": "https://registry.npmjs.org/yallist/-/yallist-4.0.0.tgz",
      "integrity": "sha512-3wdGidZyq5PB084XLES5TpOSRA3wjXAlIWMhum2kRcv/41Sn2emQ0dycQW4uZXLejwKvg6EsvbdlVL+FYEct7A=="
    }
  },
  "dependencies": {
    "@fastify/auth": {
      "version": "4.3.0",
      "resolved": "https://registry.npmjs.org/@fastify/auth/-/auth-4.3.0.tgz",
      "integrity": "sha512-LYAQteyywfbjvp1edSNID0WEfe9wSXovp2JGSraV7NnZIwz4QZjQuIdo+vtopin7ZQZLxb1Ms/Gv/FXXkuiuJA==",
      "requires": {
        "fastify-plugin": "^4.0.0",
        "reusify": "^1.0.4"
      }
    },
    "@fastify/cors": {
      "version": "8.3.0",
      "resolved": "https://registry.npmjs.org/@fastify/cors/-/cors-8.3.0.tgz",
      "integrity": "sha512-oj9xkka2Tg0MrwuKhsSUumcAkfp2YCnKxmFEusi01pjk1YrdDsuSYTHXEelWNW+ilSy/ApZq0c2SvhKrLX0H1g==",
      "requires": {
        "fastify-plugin": "^4.0.0",
        "mnemonist": "0.39.5"
      }
    },
    "@fastify/error": {
      "version": "3.2.1",
      "resolved": "https://registry.npmjs.org/@fastify/error/-/error-3.2.1.tgz",
      "integrity": "sha512-scZVbcpPNWw/yyFmzzO7cf1daTeJp53spN2n7dBTHZd+cV7791fcWJCPP1Tfhdbre+8vDiCyQyqqXfQnYMntYQ=="
    },
    "@fastify/jwt": {
      "version": "7.0.0",
      "resolved": "https://registry.npmjs.org/@fastify/jwt/-/jwt-7.0.0.tgz",
      "integrity": "sha512-y8n7qhBb/U+qWRUJzjZ+SJckv9wmOrA1eC/lM34SnOopt7VlK3hdfox7T3iuurAWVb8HjS9GxmZx+zFZO+Vb5A==",
      "requires": {
        "@fastify/error": "^3.0.0",
        "@lukeed/ms": "^2.0.0",
        "fast-jwt": "^3.0.0",
        "fastify-plugin": "^4.0.0",
        "steed": "^1.1.3"
      }
    },
    "@lukeed/ms": {
      "version": "2.0.1",
      "resolved": "https://registry.npmjs.org/@lukeed/ms/-/ms-2.0.1.tgz",
      "integrity": "sha512-Xs/4RZltsAL7pkvaNStUQt7netTkyxrS0K+RILcVr3TRMS/ToOg4I6uNfhB9SlGsnWBym4U+EaXq0f0cEMNkHA=="
    },
    "@types/debug": {
      "version": "4.1.8",
      "resolved": "https://registry.npmjs.org/@types/debug/-/debug-4.1.8.tgz",
      "integrity": "sha512-/vPO1EPOs306Cvhwv7KfVfYvOJqA/S/AXjaHQiJboCZzcNDb+TIJFN9/2C9DZ//ijSKWioNyUxD792QmDJ+HKQ==",
      "requires": {
        "@types/ms": "*"
      }
    },
    "@types/ms": {
      "version": "0.7.31",
      "resolved": "https://registry.npmjs.org/@types/ms/-/ms-0.7.31.tgz",
      "integrity": "sha512-iiUgKzV9AuaEkZqkOLDIvlQiL6ltuZd9tGcW3gwpnX8JbuiuhFlEGmmFXEXkN50Cvq7Os88IY2v0dkDqXYWVgA=="
    },
    "@types/node": {
      "version": "20.3.1",
      "resolved": "https://registry.npmjs.org/@types/node/-/node-20.3.1.tgz",
      "integrity": "sha512-EhcH/wvidPy1WeML3TtYFGR83UzjxeWRen9V402T8aUGYsCHOmfoisV3ZSg03gAFIbLq8TnWOJ0f4cALtnSEUg=="
    },
    "@types/validator": {
      "version": "13.7.17",
      "resolved": "https://registry.npmjs.org/@types/validator/-/validator-13.7.17.tgz",
      "integrity": "sha512-aqayTNmeWrZcvnG2MG9eGYI6b7S5fl+yKgPs6bAjOTwPS316R5SxBGKvtSExfyoJU7pIeHJfsHI0Ji41RVMkvQ=="
    },
    "asn1.js": {
      "version": "5.4.1",
      "resolved": "https://registry.npmjs.org/asn1.js/-/asn1.js-5.4.1.tgz",
      "integrity": "sha512-+I//4cYPccV8LdmBLiX8CYvf9Sp3vQsrqu2QNXRcrbiWvcx/UdlFiqUJJzxRQxgsZmvhXhn4cSKeSmoFjVdupA==",
      "requires": {
        "bn.js": "^4.0.0",
        "inherits": "^2.0.1",
        "minimalistic-assert": "^1.0.0",
        "safer-buffer": "^2.1.0"
      }
    },
    "assert-options": {
      "version": "0.8.1",
      "resolved": "https://registry.npmjs.org/assert-options/-/assert-options-0.8.1.tgz",
      "integrity": "sha512-5lNGRB5g5i2bGIzb+J1QQE1iKU/WEMVBReFIc5pPDWjcPj23otPL0eI6PB2v7QPi0qU6Mhym5D3y0ZiSIOf3GA=="
    },
    "bn.js": {
      "version": "4.12.0",
      "resolved": "https://registry.npmjs.org/bn.js/-/bn.js-4.12.0.tgz",
      "integrity": "sha512-c98Bf3tPniI+scsdk237ku1Dc3ujXQTSgyiPUDEOe7tRkhrqridvh8klBv0HCEso1OLOYcHuCv/cS6DNxKH+ZA=="
    },
    "boom": {
      "version": "7.3.0",
      "resolved": "https://registry.npmjs.org/boom/-/boom-7.3.0.tgz",
      "integrity": "sha512-Swpoyi2t5+GhOEGw8rEsKvTxFLIDiiKoUc2gsoV6Lyr43LHBIzch3k2MvYUs8RTROrIkVJ3Al0TkaOGjnb+B6A==",
      "requires": {
        "hoek": "6.x.x"
      }
    },
    "buffer-writer": {
      "version": "2.0.0",
      "resolved": "https://registry.npmjs.org/buffer-writer/-/buffer-writer-2.0.0.tgz",
      "integrity": "sha512-a7ZpuTZU1TRtnwyCNW3I5dc0wWNC3VR9S++Ewyk2HHZdrO3CQJqSpd+95Us590V6AL7JqUAH2IwZ/398PmNFgw=="
    },
    "debug": {
      "version": "4.3.4",
      "resolved": "https://registry.npmjs.org/debug/-/debug-4.3.4.tgz",
      "integrity": "sha512-PRWFHuSU3eDtQJPvnNY7Jcket1j0t5OuOsFzPPzsekD52Zl8qUfFIPEiswXqIvHWGVHOgX+7G/vCNNhehwxfkQ==",
      "requires": {
        "ms": "2.1.2"
      }
    },
    "dotenv": {
      "version": "16.3.1",
      "resolved": "https://registry.npmjs.org/dotenv/-/dotenv-16.3.1.tgz",
      "integrity": "sha512-IPzF4w4/Rd94bA9imS68tZBaYyBWSCE47V1RGuMrB94iyTOIEwRmVL2x/4An+6mETpLrKJ5hQkB8W4kFAadeIQ=="
    },
    "dottie": {
      "version": "2.0.6",
      "resolved": "https://registry.npmjs.org/dottie/-/dottie-2.0.6.tgz",
      "integrity": "sha512-iGCHkfUc5kFekGiqhe8B/mdaurD+lakO9txNnTvKtA6PISrw86LgqHvRzWYPyoE2Ph5aMIrCw9/uko6XHTKCwA=="
    },
    "ecdsa-sig-formatter": {
      "version": "1.0.11",
      "resolved": "https://registry.npmjs.org/ecdsa-sig-formatter/-/ecdsa-sig-formatter-1.0.11.tgz",
      "integrity": "sha512-nagl3RYrbNv6kQkeJIpt6NJZy8twLB/2vtz6yN9Z4vRKHN4/QZJIEbqohALSgwKdnksuY3k5Addp5lg8sVoVcQ==",
      "requires": {
        "safe-buffer": "^5.0.1"
      }
    },
    "fast-jwt": {
      "version": "3.1.1",
      "resolved": "https://registry.npmjs.org/fast-jwt/-/fast-jwt-3.1.1.tgz",
      "integrity": "sha512-c6gqmiMU9kUIMs0XcsnnpBMA4A+zi/XULA47r6hYoLR7s1teJ+LwviwZdttCeTZ+F5ZuHlRigNe98C4qN6h4pw==",
      "requires": {
        "asn1.js": "^5.4.1",
        "ecdsa-sig-formatter": "^1.0.11",
        "mnemonist": "^0.39.5"
      }
    },
    "fastfall": {
      "version": "1.5.1",
      "resolved": "https://registry.npmjs.org/fastfall/-/fastfall-1.5.1.tgz",
      "integrity": "sha512-KH6p+Z8AKPXnmA7+Iz2Lh8ARCMr+8WNPVludm1LGkZoD2MjY6LVnRMtTKhkdzI+jr0RzQWXKzKyBJm1zoHEL4Q==",
      "requires": {
        "reusify": "^1.0.0"
      }
    },
    "fastify-cors": {
      "version": "6.1.0",
      "resolved": "https://registry.npmjs.org/fastify-cors/-/fastify-cors-6.1.0.tgz",
      "integrity": "sha512-QBKz32IoY/iuT74CunRY1XOSpjSTIOh9E3FxulXIBhd0D2vdgG0kDvy0eG6HA/88sRfWHeba43LkGEXPz0Rh8g==",
      "requires": {
        "fastify-cors-deprecated": "npm:fastify-cors@6.0.3",
        "process-warning": "^1.0.0"
      }
    },
    "fastify-cors-deprecated": {
      "version": "npm:fastify-cors@6.0.3",
      "resolved": "https://registry.npmjs.org/fastify-cors/-/fastify-cors-6.0.3.tgz",
      "integrity": "sha512-fMbXubKKyBHHCfSBtsCi3+7VyVRdhJQmGes5gM+eGKkRErCdm0NaYO0ozd31BQBL1ycoTIjbqOZhJo4RTF/Vlg==",
      "requires": {
        "fastify-plugin": "^3.0.0",
        "vary": "^1.1.2"
      },
      "dependencies": {
        "fastify-plugin": {
          "version": "3.0.1",
          "resolved": "https://registry.npmjs.org/fastify-plugin/-/fastify-plugin-3.0.1.tgz",
          "integrity": "sha512-qKcDXmuZadJqdTm6vlCqioEbyewF60b/0LOFCcYN1B6BIZGlYJumWWOYs70SFYLDAH4YqdE1cxH/RKMG7rFxgA=="
        }
      }
    },
    "fastify-plugin": {
      "version": "4.5.0",
      "resolved": "https://registry.npmjs.org/fastify-plugin/-/fastify-plugin-4.5.0.tgz",
      "integrity": "sha512-79ak0JxddO0utAXAQ5ccKhvs6vX2MGyHHMMsmZkBANrq3hXc1CHzvNPHOcvTsVMEPl5I+NT+RO4YKMGehOfSIg=="
    },
    "fastparallel": {
      "version": "2.4.1",
      "resolved": "https://registry.npmjs.org/fastparallel/-/fastparallel-2.4.1.tgz",
      "integrity": "sha512-qUmhxPgNHmvRjZKBFUNI0oZuuH9OlSIOXmJ98lhKPxMZZ7zS/Fi0wRHOihDSz0R1YiIOjxzOY4bq65YTcdBi2Q==",
      "requires": {
        "reusify": "^1.0.4",
        "xtend": "^4.0.2"
      }
    },
    "fastq": {
      "version": "1.15.0",
      "resolved": "https://registry.npmjs.org/fastq/-/fastq-1.15.0.tgz",
      "integrity": "sha512-wBrocU2LCXXa+lWBt8RoIRD89Fi8OdABODa/kEnyeyjS5aZO5/GNvI5sEINADqP/h8M29UHTHUb53sUu5Ihqdw==",
      "requires": {
        "reusify": "^1.0.4"
      }
    },
    "fastseries": {
      "version": "1.7.2",
      "resolved": "https://registry.npmjs.org/fastseries/-/fastseries-1.7.2.tgz",
      "integrity": "sha512-dTPFrPGS8SNSzAt7u/CbMKCJ3s01N04s4JFbORHcmyvVfVKmbhMD1VtRbh5enGHxkaQDqWyLefiKOGGmohGDDQ==",
      "requires": {
        "reusify": "^1.0.0",
        "xtend": "^4.0.0"
      }
    },
    "hoek": {
      "version": "6.1.3",
      "resolved": "https://registry.npmjs.org/hoek/-/hoek-6.1.3.tgz",
      "integrity": "sha512-YXXAAhmF9zpQbC7LEcREFtXfGq5K1fmd+4PHkBq8NUqmzW3G+Dq10bI/i0KucLRwss3YYFQ0fSfoxBZYiGUqtQ=="
    },
    "inflection": {
      "version": "1.13.4",
      "resolved": "https://registry.npmjs.org/inflection/-/inflection-1.13.4.tgz",
      "integrity": "sha512-6I/HUDeYFfuNCVS3td055BaXBwKYuzw7K3ExVMStBowKo9oOAMJIXIHvdyR3iboTCp1b+1i5DSkIZTcwIktuDw=="
    },
    "inherits": {
      "version": "2.0.4",
      "resolved": "https://registry.npmjs.org/inherits/-/inherits-2.0.4.tgz",
      "integrity": "sha512-k/vGaX4/Yla3WzyMCvTQOXYeIHvqOKtnqBduzTHpzpQZzAskKMhZ2K+EnBiSM9zGSoIFeMpXKxa4dYeZIQqewQ=="
    },
    "lodash": {
      "version": "4.17.21",
      "resolved": "https://registry.npmjs.org/lodash/-/lodash-4.17.21.tgz",
      "integrity": "sha512-v2kDEe57lecTulaDIuNTPy3Ry4gLGJ6Z1O3vE1krgXZNrsQ+LFTGHVxVjcXPs17LhbZVGedAJv8XZ1tvj5FvSg=="
    },
    "lru-cache": {
      "version": "6.0.0",
      "resolved": "https://registry.npmjs.org/lru-cache/-/lru-cache-6.0.0.tgz",
      "integrity": "sha512-Jo6dJ04CmSjuznwJSS3pUeWmd/H0ffTlkXXgwZi+eq1UCmqQwCh+eLsYOYCwY991i2Fah4h1BEMCx4qThGbsiA==",
      "requires": {
        "yallist": "^4.0.0"
      }
    },
    "minimalistic-assert": {
      "version": "1.0.1",
      "resolved": "https://registry.npmjs.org/minimalistic-assert/-/minimalistic-assert-1.0.1.tgz",
      "integrity": "sha512-UtJcAD4yEaGtjPezWuO9wC4nwUnVH/8/Im3yEHQP4b67cXlD/Qr9hdITCU1xDbSEXg2XKNaP8jsReV7vQd00/A=="
    },
    "mnemonist": {
      "version": "0.39.5",
      "resolved": "https://registry.npmjs.org/mnemonist/-/mnemonist-0.39.5.tgz",
      "integrity": "sha512-FPUtkhtJ0efmEFGpU14x7jGbTB+s18LrzRL2KgoWz9YvcY3cPomz8tih01GbHwnGk/OmkOKfqd/RAQoc8Lm7DQ==",
      "requires": {
        "obliterator": "^2.0.1"
      }
    },
    "moment": {
      "version": "2.29.4",
      "resolved": "https://registry.npmjs.org/moment/-/moment-2.29.4.tgz",
      "integrity": "sha512-5LC9SOxjSc2HF6vO2CyuTDNivEdoz2IvyJJGj6X8DJ0eFyfszE0QiEd+iXmBvUP3WHxSjFH/vIsA0EN00cgr8w=="
    },
    "moment-timezone": {
      "version": "0.5.43",
      "resolved": "https://registry.npmjs.org/moment-timezone/-/moment-timezone-0.5.43.tgz",
      "integrity": "sha512-72j3aNyuIsDxdF1i7CEgV2FfxM1r6aaqJyLB2vwb33mXYyoyLly+F1zbWqhA3/bVIoJ4szlUoMbUnVdid32NUQ==",
      "requires": {
        "moment": "^2.29.4"
      }
    },
    "ms": {
      "version": "2.1.2",
      "resolved": "https://registry.npmjs.org/ms/-/ms-2.1.2.tgz",
      "integrity": "sha512-sGkPx+VjMtmA6MX27oA4FBFELFCZZ4S4XqeGOXCv68tT+jb3vk/RyaKWP0PTKyWtmLSM0b+adUTEvbs1PEaH2w=="
    },
    "obliterator": {
      "version": "2.0.4",
      "resolved": "https://registry.npmjs.org/obliterator/-/obliterator-2.0.4.tgz",
      "integrity": "sha512-lgHwxlxV1qIg1Eap7LgIeoBWIMFibOjbrYPIPJZcI1mmGAI2m3lNYpK12Y+GBdPQ0U1hRwSord7GIaawz962qQ=="
    },
    "packet-reader": {
      "version": "1.0.0",
      "resolved": "https://registry.npmjs.org/packet-reader/-/packet-reader-1.0.0.tgz",
      "integrity": "sha512-HAKu/fG3HpHFO0AA8WE8q2g+gBJaZ9MG7fcKk+IJPLTGAD6Psw4443l+9DGRbOIh3/aXr7Phy0TjilYivJo5XQ=="
    },
    "pg": {
      "version": "8.11.0",
      "resolved": "https://registry.npmjs.org/pg/-/pg-8.11.0.tgz",
      "integrity": "sha512-meLUVPn2TWgJyLmy7el3fQQVwft4gU5NGyvV0XbD41iU9Jbg8lCH4zexhIkihDzVHJStlt6r088G6/fWeNjhXA==",
      "requires": {
        "buffer-writer": "2.0.0",
        "packet-reader": "1.0.0",
        "pg-cloudflare": "^1.1.0",
        "pg-connection-string": "^2.6.0",
        "pg-pool": "^3.6.0",
        "pg-protocol": "^1.6.0",
        "pg-types": "^2.1.0",
        "pgpass": "1.x"
      }
    },
    "pg-cloudflare": {
      "version": "1.1.0",
      "resolved": "https://registry.npmjs.org/pg-cloudflare/-/pg-cloudflare-1.1.0.tgz",
      "integrity": "sha512-tGM8/s6frwuAIyRcJ6nWcIvd3+3NmUKIs6OjviIm1HPPFEt5MzQDOTBQyhPWg/m0kCl95M6gA1JaIXtS8KovOA==",
      "optional": true
    },
    "pg-connection-string": {
      "version": "2.6.0",
      "resolved": "https://registry.npmjs.org/pg-connection-string/-/pg-connection-string-2.6.0.tgz",
      "integrity": "sha512-x14ibktcwlHKoHxx9X3uTVW9zIGR41ZB6QNhHb21OPNdCCO3NaRnpJuwKIQSR4u+Yqjx4HCvy7Hh7VSy1U4dGg=="
    },
    "pg-int8": {
      "version": "1.0.1",
      "resolved": "https://registry.npmjs.org/pg-int8/-/pg-int8-1.0.1.tgz",
      "integrity": "sha512-WCtabS6t3c8SkpDBUlb1kjOs7l66xsGdKpIPZsg4wR+B3+u9UAum2odSsF9tnvxg80h4ZxLWMy4pRjOsFIqQpw=="
    },
    "pg-minify": {
      "version": "1.6.3",
      "resolved": "https://registry.npmjs.org/pg-minify/-/pg-minify-1.6.3.tgz",
      "integrity": "sha512-NoSsPqXxbkD8RIe+peQCqiea4QzXgosdTKY8p7PsbbGsh2F8TifDj/vJxfuR8qJwNYrijdSs7uf0tAe6WOyCsQ=="
    },
    "pg-pool": {
      "version": "3.6.0",
      "resolved": "https://registry.npmjs.org/pg-pool/-/pg-pool-3.6.0.tgz",
      "integrity": "sha512-clFRf2ksqd+F497kWFyM21tMjeikn60oGDmqMT8UBrynEwVEX/5R5xd2sdvdo1cZCFlguORNpVuqxIj+aK4cfQ==",
      "requires": {}
    },
    "pg-promise": {
      "version": "11.5.0",
      "resolved": "https://registry.npmjs.org/pg-promise/-/pg-promise-11.5.0.tgz",
      "integrity": "sha512-ZfhntV6Yoc3S0hQWOlEodk5fEmF9ADxKl0vNvBnZgzvLt73uY29wVaNBz2AZK2J0gVmm/zhO51RXPtI4MgKkSQ==",
      "requires": {
        "assert-options": "0.8.1",
        "pg": "8.11.0",
        "pg-minify": "1.6.3",
        "spex": "3.3.0"
      }
    },
    "pg-protocol": {
      "version": "1.6.0",
      "resolved": "https://registry.npmjs.org/pg-protocol/-/pg-protocol-1.6.0.tgz",
      "integrity": "sha512-M+PDm637OY5WM307051+bsDia5Xej6d9IR4GwJse1qA1DIhiKlksvrneZOYQq42OM+spubpcNYEo2FcKQrDk+Q=="
    },
    "pg-types": {
      "version": "2.2.0",
      "resolved": "https://registry.npmjs.org/pg-types/-/pg-types-2.2.0.tgz",
      "integrity": "sha512-qTAAlrEsl8s4OiEQY69wDvcMIdQN6wdz5ojQiOy6YRMuynxenON0O5oCpJI6lshc6scgAY8qvJ2On/p+CXY0GA==",
      "requires": {
        "pg-int8": "1.0.1",
        "postgres-array": "~2.0.0",
        "postgres-bytea": "~1.0.0",
        "postgres-date": "~1.0.4",
        "postgres-interval": "^1.1.0"
      }
    },
    "pgpass": {
      "version": "1.0.5",
      "resolved": "https://registry.npmjs.org/pgpass/-/pgpass-1.0.5.tgz",
      "integrity": "sha512-FdW9r/jQZhSeohs1Z3sI1yxFQNFvMcnmfuj4WBMUTxOrAyLMaTcE1aAMBiTlbMNaXvBCQuVi0R7hd8udDSP7ug==",
      "requires": {
        "split2": "^4.1.0"
      }
    },
    "postgres-array": {
      "version": "2.0.0",
      "resolved": "https://registry.npmjs.org/postgres-array/-/postgres-array-2.0.0.tgz",
      "integrity": "sha512-VpZrUqU5A69eQyW2c5CA1jtLecCsN2U/bD6VilrFDWq5+5UIEVO7nazS3TEcHf1zuPYO/sqGvUvW62g86RXZuA=="
    },
    "postgres-bytea": {
      "version": "1.0.0",
      "resolved": "https://registry.npmjs.org/postgres-bytea/-/postgres-bytea-1.0.0.tgz",
      "integrity": "sha512-xy3pmLuQqRBZBXDULy7KbaitYqLcmxigw14Q5sj8QBVLqEwXfeybIKVWiqAXTlcvdvb0+xkOtDbfQMOf4lST1w=="
    },
    "postgres-date": {
      "version": "1.0.7",
      "resolved": "https://registry.npmjs.org/postgres-date/-/postgres-date-1.0.7.tgz",
      "integrity": "sha512-suDmjLVQg78nMK2UZ454hAG+OAW+HQPZ6n++TNDUX+L0+uUlLywnoxJKDou51Zm+zTCjrCl0Nq6J9C5hP9vK/Q=="
    },
    "postgres-interval": {
      "version": "1.2.0",
      "resolved": "https://registry.npmjs.org/postgres-interval/-/postgres-interval-1.2.0.tgz",
      "integrity": "sha512-9ZhXKM/rw350N1ovuWHbGxnGh/SNJ4cnxHiM0rxE4VN41wsg8P8zWn9hv/buK00RP4WvlOyr/RBDiptyxVbkZQ==",
      "requires": {
        "xtend": "^4.0.0"
      }
    },
    "process-warning": {
      "version": "1.0.0",
      "resolved": "https://registry.npmjs.org/process-warning/-/process-warning-1.0.0.tgz",
      "integrity": "sha512-du4wfLyj4yCZq1VupnVSZmRsPJsNuxoDQFdCFHLaYiEbFBD7QE0a+I4D7hOxrVnh78QE/YipFAj9lXHiXocV+Q=="
    },
    "retry-as-promised": {
      "version": "7.0.4",
      "resolved": "https://registry.npmjs.org/retry-as-promised/-/retry-as-promised-7.0.4.tgz",
      "integrity": "sha512-XgmCoxKWkDofwH8WddD0w85ZfqYz+ZHlr5yo+3YUCfycWawU56T5ckWXsScsj5B8tqUcIG67DxXByo3VUgiAdA=="
    },
    "reusify": {
      "version": "1.0.4",
      "resolved": "https://registry.npmjs.org/reusify/-/reusify-1.0.4.tgz",
      "integrity": "sha512-U9nH88a3fc/ekCF1l0/UP1IosiuIjyTh7hBvXVMHYgVcfGvt897Xguj2UOLDeI5BG2m7/uwyaLVT6fbtCwTyzw=="
    },
    "safe-buffer": {
      "version": "5.2.1",
      "resolved": "https://registry.npmjs.org/safe-buffer/-/safe-buffer-5.2.1.tgz",
      "integrity": "sha512-rp3So07KcdmmKbGvgaNxQSJr7bGVSVk5S9Eq1F+ppbRo70+YeaDxkw5Dd8NPN+GD6bjnYm2VuPuCXmpuYvmCXQ=="
    },
    "safer-buffer": {
      "version": "2.1.2",
      "resolved": "https://registry.npmjs.org/safer-buffer/-/safer-buffer-2.1.2.tgz",
      "integrity": "sha512-YZo3K82SD7Riyi0E1EQPojLz7kpepnSQI9IyPbHHg1XXXevb5dJI7tpyN2ADxGcQbHG7vcyRHk0cbwqcQriUtg=="
    },
    "semver": {
      "version": "7.5.3",
      "resolved": "https://registry.npmjs.org/semver/-/semver-7.5.3.tgz",
      "integrity": "sha512-QBlUtyVk/5EeHbi7X0fw6liDZc7BBmEaSYn01fMU1OUYbf6GPsbTtd8WmnqbI20SeycoHSeiybkE/q1Q+qlThQ==",
      "requires": {
        "lru-cache": "^6.0.0"
      }
    },
    "sequelize": {
      "version": "6.32.1",
      "resolved": "https://registry.npmjs.org/sequelize/-/sequelize-6.32.1.tgz",
      "integrity": "sha512-3Iv0jruv57Y0YvcxQW7BE56O7DC1BojcfIrqh6my+IQwde+9u/YnuYHzK+8kmZLhLvaziRT1eWu38nh9yVwn/g==",
      "requires": {
        "@types/debug": "^4.1.8",
        "@types/validator": "^13.7.17",
        "debug": "^4.3.4",
        "dottie": "^2.0.4",
        "inflection": "^1.13.4",
        "lodash": "^4.17.21",
        "moment": "^2.29.4",
        "moment-timezone": "^0.5.43",
        "pg-connection-string": "^2.6.0",
        "retry-as-promised": "^7.0.4",
        "semver": "^7.5.1",
        "sequelize-pool": "^7.1.0",
        "toposort-class": "^1.0.1",
        "uuid": "^8.3.2",
        "validator": "^13.9.0",
        "wkx": "^0.5.0"
      }
    },
    "sequelize-fastify": {
      "version": "2.0.0",
      "resolved": "https://registry.npmjs.org/sequelize-fastify/-/sequelize-fastify-2.0.0.tgz",
      "integrity": "sha512-DeN8JJLs26kA9OIdCQnB3F6UsPL0sWtb6KlRf2VbeRhgS4rkk6u5qXI/WL11qTpgEsjcLxYefwGbzaeHEGPKJA==",
      "requires": {
        "fastify-plugin": "^3.0.1",
        "sequelize": "^6.20.1"
      },
      "dependencies": {
        "fastify-plugin": {
          "version": "3.0.1",
          "resolved": "https://registry.npmjs.org/fastify-plugin/-/fastify-plugin-3.0.1.tgz",
          "integrity": "sha512-qKcDXmuZadJqdTm6vlCqioEbyewF60b/0LOFCcYN1B6BIZGlYJumWWOYs70SFYLDAH4YqdE1cxH/RKMG7rFxgA=="
        }
      }
    },
    "sequelize-pool": {
      "version": "7.1.0",
      "resolved": "https://registry.npmjs.org/sequelize-pool/-/sequelize-pool-7.1.0.tgz",
      "integrity": "sha512-G9c0qlIWQSK29pR/5U2JF5dDQeqqHRragoyahj/Nx4KOOQ3CPPfzxnfqFPCSB7x5UgjOgnZ61nSxz+fjDpRlJg=="
    },
    "spex": {
      "version": "3.3.0",
      "resolved": "https://registry.npmjs.org/spex/-/spex-3.3.0.tgz",
      "integrity": "sha512-VNiXjFp6R4ldPbVRYbpxlD35yRHceecVXlct1J4/X80KuuPnW2AXMq3sGwhnJOhKkUsOxAT6nRGfGE5pocVw5w=="
    },
    "split2": {
      "version": "4.2.0",
      "resolved": "https://registry.npmjs.org/split2/-/split2-4.2.0.tgz",
      "integrity": "sha512-UcjcJOWknrNkF6PLX83qcHM6KHgVKNkV62Y8a5uYDVv9ydGQVwAHMKqHdJje1VTWpljG0WYpCDhrCdAOYH4TWg=="
    },
    "steed": {
      "version": "1.1.3",
      "resolved": "https://registry.npmjs.org/steed/-/steed-1.1.3.tgz",
      "integrity": "sha512-EUkci0FAUiE4IvGTSKcDJIQ/eRUP2JJb56+fvZ4sdnguLTqIdKjSxUe138poW8mkvKWXW2sFPrgTsxqoISnmoA==",
      "requires": {
        "fastfall": "^1.5.0",
        "fastparallel": "^2.2.0",
        "fastq": "^1.3.0",
        "fastseries": "^1.7.0",
        "reusify": "^1.0.0"
      }
    },
    "toposort-class": {
      "version": "1.0.1",
      "resolved": "https://registry.npmjs.org/toposort-class/-/toposort-class-1.0.1.tgz",
      "integrity": "sha512-OsLcGGbYF3rMjPUf8oKktyvCiUxSbqMMS39m33MAjLTC1DVIH6x3WSt63/M77ihI09+Sdfk1AXvfhCEeUmC7mg=="
    },
    "uuid": {
      "version": "8.3.2",
      "resolved": "https://registry.npmjs.org/uuid/-/uuid-8.3.2.tgz",
      "integrity": "sha512-+NYs2QeMWy+GWFOEm9xnn6HCDp0l7QBD7ml8zLUmJ+93Q5NF0NocErnwkTkXVFNiX3/fpC6afS8Dhb/gz7R7eg=="
    },
    "validator": {
      "version": "13.9.0",
      "resolved": "https://registry.npmjs.org/validator/-/validator-13.9.0.tgz",
      "integrity": "sha512-B+dGG8U3fdtM0/aNK4/X8CXq/EcxU2WPrPEkJGslb47qyHsxmbggTWK0yEA4qnYVNF+nxNlN88o14hIcPmSIEA=="
    },
    "vary": {
      "version": "1.1.2",
      "resolved": "https://registry.npmjs.org/vary/-/vary-1.1.2.tgz",
      "integrity": "sha512-BNGbWLfd0eUPabhkXUVm0j8uuvREyTh5ovRa/dyow/BqAbZJyC+5fU+IzQOzmAKzYqYRAISoRhdQr3eIZ/PXqg=="
    },
    "wkx": {
      "version": "0.5.0",
      "resolved": "https://registry.npmjs.org/wkx/-/wkx-0.5.0.tgz",
      "integrity": "sha512-Xng/d4Ichh8uN4l0FToV/258EjMGU9MGcA0HV2d9B/ZpZB3lqQm7nkOdZdm5GhKtLLhAE7PiVQwN4eN+2YJJUg==",
      "requires": {
        "@types/node": "*"
      }
    },
    "xtend": {
      "version": "4.0.2",
      "resolved": "https://registry.npmjs.org/xtend/-/xtend-4.0.2.tgz",
      "integrity": "sha512-LKYU1iAXJXUgAXn9URjiu+MWhyUXHsvfp7mcuYm9dSUKK0/CjtrUwFAxD82/mCWbtLsGjFIad0wIsod4zrTAEQ=="
    },
    "yallist": {
      "version": "4.0.0",
      "resolved": "https://registry.npmjs.org/yallist/-/yallist-4.0.0.tgz",
      "integrity": "sha512-3wdGidZyq5PB084XLES5TpOSRA3wjXAlIWMhum2kRcv/41Sn2emQ0dycQW4uZXLejwKvg6EsvbdlVL+FYEct7A=="
    }
  }
}
